
Microsoft Visual Studio Solution File, Format Version 12.00
# Visual Studio Version 16
VisualStudioVersion = 16.0.31129.286
MinimumVisualStudioVersion = 10.0.40219.1
Project("{FAE04EC0-301F-11D3-BF4B-00C04F79EFBC}") = "AppInsightData", "AppInsightData\AppInsightData.csproj", "{9B643EA7-D06D-4649-BD0A-4B9922AAEECF}"
EndProject
Project("{FAE04EC0-301F-11D3-BF4B-00C04F79EFBC}") = "AppInsightIngest", "AppInsightIngest\AppInsightIngest.csproj", "{EA6C849E-9821-4EF6-B845-419A1C54056F}"
EndProject
Global
	GlobalSection(SolutionConfigurationPlatforms) = preSolution
		Debug|Any CPU = Debug|Any CPU
		Release|Any CPU = Release|Any CPU
	EndGlobalSection
	GlobalSection(ProjectConfigurationPlatforms) = postSolution
		{9B643EA7-D06D-4649-BD0A-4B9922AAEECF}.Debug|Any CPU.ActiveCfg = Debug|Any CPU
		{9B643EA7-D06D-4649-BD0A-4B9922AAEECF}.Debug|Any CPU.Build.0 = Debug|Any CPU
		{9B643EA7-D06D-4649-BD0A-4B9922AAEECF}.Release|Any CPU.ActiveCfg = Release|Any CPU
		{9B643EA7-D06D-4649-BD0A-4B9922AAEECF}.Release|Any CPU.Build.0 = Release|Any CPU
		{EA6C849E-9821-4EF6-B845-419A1C54056F}.Debug|Any CPU.ActiveCfg = Debug|Any CPU
		{EA6C849E-9821-4EF6-B845-419A1C54056F}.Debug|Any CPU.Build.0 = Debug|Any CPU
		{EA6C849E-9821-4EF6-B845-419A1C54056F}.Release|Any CPU.ActiveCfg = Release|Any CPU
		{EA6C849E-9821-4EF6-B845-419A1C54056F}.Release|Any CPU.Build.0 = Release|Any CPU
	EndGlobalSection
	GlobalSection(SolutionProperties) = preSolution
		HideSolutionNode = FALSE
	EndGlobalSection
	GlobalSection(ExtensibilityGlobals) = postSolution
		SolutionGuid = {543D49B2-8E21-485E-9D0D-121B4D41D2F4}
	EndGlobalSection
EndGlobal
